// !$*UTF8*$!
{
	archiveVersion = 1;
	classes = {
	};
	objectVersion = 56;
	objects = {

/* Begin PBXBuildFile section */
		220998B52DEF996A00C26E50 /* CustomTabBarView.swift in Sources */ = {isa = PBXBuildFile; fileRef = 220998B42DEF996A00C26E50 /* CustomTabBarView.swift */; };
		220998B92DEF99E700C26E50 /* Tab.swift in Sources */ = {isa = PBXBuildFile; fileRef = 220998B82DEF99E700C26E50 /* Tab.swift */; };
		220998BB2DEF9AA700C26E50 /* TabBarButton.swift in Sources */ = {isa = PBXBuildFile; fileRef = 220998BA2DEF9AA700C26E50 /* TabBarButton.swift */; };
		223EBB042DF06DCA0087CFDF /* ProductCustomCell.swift in Sources */ = {isa = PBXBuildFile; fileRef = 223EBB032DF06DCA0087CFDF /* ProductCustomCell.swift */; };
		223EBB082DF07EA20087CFDF /* DeleteProductUseCase.swift in Sources */ = {isa = PBXBuildFile; fileRef = 223EBB072DF07EA20087CFDF /* DeleteProductUseCase.swift */; };
		223EBB0A2DF09DE40087CFDF /* AddProductView.swift in Sources */ = {isa = PBXBuildFile; fileRef = 223EBB092DF09DE40087CFDF /* AddProductView.swift */; };
		223EBB0C2DF0C1C80087CFDF /* CreateProductUseCase.swift in Sources */ = {isa = PBXBuildFile; fileRef = 223EBB0B2DF0C1C80087CFDF /* CreateProductUseCase.swift */; };
		227F77FF2DEF1BFC007B0BF9 /* Shoplet_AdminApp.swift in Sources */ = {isa = PBXBuildFile; fileRef = 227F77FE2DEF1BFC007B0BF9 /* Shoplet_AdminApp.swift */; };
		227F78032DEF1BFD007B0BF9 /* Assets.xcassets in Resources */ = {isa = PBXBuildFile; fileRef = 227F78022DEF1BFD007B0BF9 /* Assets.xcassets */; };
		227F78062DEF1BFD007B0BF9 /* Preview Assets.xcassets in Resources */ = {isa = PBXBuildFile; fileRef = 227F78052DEF1BFD007B0BF9 /* Preview Assets.xcassets */; };
		227F78102DEF1BFD007B0BF9 /* Shoplet_AdminTests.swift in Sources */ = {isa = PBXBuildFile; fileRef = 227F780F2DEF1BFD007B0BF9 /* Shoplet_AdminTests.swift */; };
		227F781A2DEF1BFD007B0BF9 /* Shoplet_AdminUITests.swift in Sources */ = {isa = PBXBuildFile; fileRef = 227F78192DEF1BFD007B0BF9 /* Shoplet_AdminUITests.swift */; };
		227F781C2DEF1BFD007B0BF9 /* Shoplet_AdminUITestsLaunchTests.swift in Sources */ = {isa = PBXBuildFile; fileRef = 227F781B2DEF1BFD007B0BF9 /* Shoplet_AdminUITestsLaunchTests.swift */; };
		22D5C1432DEF692000A0831E /* Product.swift in Sources */ = {isa = PBXBuildFile; fileRef = 22D5C1422DEF692000A0831E /* Product.swift */; };
		22D5C1452DEF73EC00A0831E /* Configuration.swift in Sources */ = {isa = PBXBuildFile; fileRef = 22D5C1442DEF73EC00A0831E /* Configuration.swift */; };
		22D5C1472DEF748F00A0831E /* APIEndpoints.swift in Sources */ = {isa = PBXBuildFile; fileRef = 22D5C1462DEF748F00A0831E /* APIEndpoints.swift */; };
		22D5C1492DEF757000A0831E /* ProductResponse.swift in Sources */ = {isa = PBXBuildFile; fileRef = 22D5C1482DEF757000A0831E /* ProductResponse.swift */; };
		22D5C14B2DEF75B300A0831E /* NetworkManager.swift in Sources */ = {isa = PBXBuildFile; fileRef = 22D5C14A2DEF75B300A0831E /* NetworkManager.swift */; };
		22D5C14E2DEF76F500A0831E /* Alamofire in Frameworks */ = {isa = PBXBuildFile; productRef = 22D5C14D2DEF76F500A0831E /* Alamofire */; };
		22D5C1532DEF794C00A0831E /* ProductViewModel.swift in Sources */ = {isa = PBXBuildFile; fileRef = 22D5C1522DEF794C00A0831E /* ProductViewModel.swift */; };
		22D5C1562DEF7BC200A0831E /* GetProductsUseCase.swift in Sources */ = {isa = PBXBuildFile; fileRef = 22D5C1552DEF7BC200A0831E /* GetProductsUseCase.swift */; };
		22D5C1582DEF7E2400A0831E /* ProductRepository.swift in Sources */ = {isa = PBXBuildFile; fileRef = 22D5C1572DEF7E2400A0831E /* ProductRepository.swift */; };
		22D5C15A2DEF7F1D00A0831E /* ProductRepositoryProtocol.swift in Sources */ = {isa = PBXBuildFile; fileRef = 22D5C1592DEF7F1D00A0831E /* ProductRepositoryProtocol.swift */; };
		22D5C15C2DEF857200A0831E /* ProductsView.swift in Sources */ = {isa = PBXBuildFile; fileRef = 22D5C15B2DEF857200A0831E /* ProductsView.swift */; };
/* End PBXBuildFile section */

/* Begin PBXContainerItemProxy section */
		227F780C2DEF1BFD007B0BF9 /* PBXContainerItemProxy */ = {
			isa = PBXContainerItemProxy;
			containerPortal = 227F77F32DEF1BFC007B0BF9 /* Project object */;
			proxyType = 1;
			remoteGlobalIDString = 227F77FA2DEF1BFC007B0BF9;
			remoteInfo = "Shoplet-Admin";
		};
		227F78162DEF1BFD007B0BF9 /* PBXContainerItemProxy */ = {
			isa = PBXContainerItemProxy;
			containerPortal = 227F77F32DEF1BFC007B0BF9 /* Project object */;
			proxyType = 1;
			remoteGlobalIDString = 227F77FA2DEF1BFC007B0BF9;
			remoteInfo = "Shoplet-Admin";
		};
/* End PBXContainerItemProxy section */

/* Begin PBXFileReference section */
		220998B42DEF996A00C26E50 /* CustomTabBarView.swift */ = {isa = PBXFileReference; lastKnownFileType = sourcecode.swift; path = CustomTabBarView.swift; sourceTree = "<group>"; };
		220998B82DEF99E700C26E50 /* Tab.swift */ = {isa = PBXFileReference; lastKnownFileType = sourcecode.swift; path = Tab.swift; sourceTree = "<group>"; };
		220998BA2DEF9AA700C26E50 /* TabBarButton.swift */ = {isa = PBXFileReference; lastKnownFileType = sourcecode.swift; path = TabBarButton.swift; sourceTree = "<group>"; };
		223EBB032DF06DCA0087CFDF /* ProductCustomCell.swift */ = {isa = PBXFileReference; lastKnownFileType = sourcecode.swift; path = ProductCustomCell.swift; sourceTree = "<group>"; };
		223EBB072DF07EA20087CFDF /* DeleteProductUseCase.swift */ = {isa = PBXFileReference; lastKnownFileType = sourcecode.swift; path = DeleteProductUseCase.swift; sourceTree = "<group>"; };
		223EBB092DF09DE40087CFDF /* AddProductView.swift */ = {isa = PBXFileReference; lastKnownFileType = sourcecode.swift; path = AddProductView.swift; sourceTree = "<group>"; };
		223EBB0B2DF0C1C80087CFDF /* CreateProductUseCase.swift */ = {isa = PBXFileReference; lastKnownFileType = sourcecode.swift; path = CreateProductUseCase.swift; sourceTree = "<group>"; };
		227F77FB2DEF1BFC007B0BF9 /* Shoplet-Admin.app */ = {isa = PBXFileReference; explicitFileType = wrapper.application; includeInIndex = 0; path = "Shoplet-Admin.app"; sourceTree = BUILT_PRODUCTS_DIR; };
		227F77FE2DEF1BFC007B0BF9 /* Shoplet_AdminApp.swift */ = {isa = PBXFileReference; lastKnownFileType = sourcecode.swift; path = Shoplet_AdminApp.swift; sourceTree = "<group>"; };
		227F78022DEF1BFD007B0BF9 /* Assets.xcassets */ = {isa = PBXFileReference; lastKnownFileType = folder.assetcatalog; path = Assets.xcassets; sourceTree = "<group>"; };
		227F78052DEF1BFD007B0BF9 /* Preview Assets.xcassets */ = {isa = PBXFileReference; lastKnownFileType = folder.assetcatalog; path = "Preview Assets.xcassets"; sourceTree = "<group>"; };
		227F780B2DEF1BFD007B0BF9 /* Shoplet-AdminTests.xctest */ = {isa = PBXFileReference; explicitFileType = wrapper.cfbundle; includeInIndex = 0; path = "Shoplet-AdminTests.xctest"; sourceTree = BUILT_PRODUCTS_DIR; };
		227F780F2DEF1BFD007B0BF9 /* Shoplet_AdminTests.swift */ = {isa = PBXFileReference; lastKnownFileType = sourcecode.swift; path = Shoplet_AdminTests.swift; sourceTree = "<group>"; };
		227F78152DEF1BFD007B0BF9 /* Shoplet-AdminUITests.xctest */ = {isa = PBXFileReference; explicitFileType = wrapper.cfbundle; includeInIndex = 0; path = "Shoplet-AdminUITests.xctest"; sourceTree = BUILT_PRODUCTS_DIR; };
		227F78192DEF1BFD007B0BF9 /* Shoplet_AdminUITests.swift */ = {isa = PBXFileReference; lastKnownFileType = sourcecode.swift; path = Shoplet_AdminUITests.swift; sourceTree = "<group>"; };
		227F781B2DEF1BFD007B0BF9 /* Shoplet_AdminUITestsLaunchTests.swift */ = {isa = PBXFileReference; lastKnownFileType = sourcecode.swift; path = Shoplet_AdminUITestsLaunchTests.swift; sourceTree = "<group>"; };
		22D5C1422DEF692000A0831E /* Product.swift */ = {isa = PBXFileReference; lastKnownFileType = sourcecode.swift; path = Product.swift; sourceTree = "<group>"; };
		22D5C1442DEF73EC00A0831E /* Configuration.swift */ = {isa = PBXFileReference; lastKnownFileType = sourcecode.swift; path = Configuration.swift; sourceTree = "<group>"; };
		22D5C1462DEF748F00A0831E /* APIEndpoints.swift */ = {isa = PBXFileReference; lastKnownFileType = sourcecode.swift; path = APIEndpoints.swift; sourceTree = "<group>"; };
		22D5C1482DEF757000A0831E /* ProductResponse.swift */ = {isa = PBXFileReference; lastKnownFileType = sourcecode.swift; path = ProductResponse.swift; sourceTree = "<group>"; };
		22D5C14A2DEF75B300A0831E /* NetworkManager.swift */ = {isa = PBXFileReference; lastKnownFileType = sourcecode.swift; path = NetworkManager.swift; sourceTree = "<group>"; };
		22D5C1522DEF794C00A0831E /* ProductViewModel.swift */ = {isa = PBXFileReference; lastKnownFileType = sourcecode.swift; path = ProductViewModel.swift; sourceTree = "<group>"; };
		22D5C1552DEF7BC200A0831E /* GetProductsUseCase.swift */ = {isa = PBXFileReference; lastKnownFileType = sourcecode.swift; path = GetProductsUseCase.swift; sourceTree = "<group>"; };
		22D5C1572DEF7E2400A0831E /* ProductRepository.swift */ = {isa = PBXFileReference; lastKnownFileType = sourcecode.swift; path = ProductRepository.swift; sourceTree = "<group>"; };
		22D5C1592DEF7F1D00A0831E /* ProductRepositoryProtocol.swift */ = {isa = PBXFileReference; lastKnownFileType = sourcecode.swift; path = ProductRepositoryProtocol.swift; sourceTree = "<group>"; };
		22D5C15B2DEF857200A0831E /* ProductsView.swift */ = {isa = PBXFileReference; lastKnownFileType = sourcecode.swift; path = ProductsView.swift; sourceTree = "<group>"; };
/* End PBXFileReference section */

/* Begin PBXFrameworksBuildPhase section */
		227F77F82DEF1BFC007B0BF9 /* Frameworks */ = {
			isa = PBXFrameworksBuildPhase;
			buildActionMask = 2147483647;
			files = (
				22D5C14E2DEF76F500A0831E /* Alamofire in Frameworks */,
			);
			runOnlyForDeploymentPostprocessing = 0;
		};
		227F78082DEF1BFD007B0BF9 /* Frameworks */ = {
			isa = PBXFrameworksBuildPhase;
			buildActionMask = 2147483647;
			files = (
			);
			runOnlyForDeploymentPostprocessing = 0;
		};
		227F78122DEF1BFD007B0BF9 /* Frameworks */ = {
			isa = PBXFrameworksBuildPhase;
			buildActionMask = 2147483647;
			files = (
			);
			runOnlyForDeploymentPostprocessing = 0;
		};
/* End PBXFrameworksBuildPhase section */

/* Begin PBXGroup section */
		220998B32DEF994700C26E50 /* CustomViews */ = {
			isa = PBXGroup;
			children = (
				223EBB022DF06DBD0087CFDF /* Cells */,
				220998B62DEF99B500C26E50 /* TabBar */,
				223EBB092DF09DE40087CFDF /* AddProductView.swift */,
			);
			path = CustomViews;
			sourceTree = "<group>";
		};
		220998B62DEF99B500C26E50 /* TabBar */ = {
			isa = PBXGroup;
			children = (
				220998B42DEF996A00C26E50 /* CustomTabBarView.swift */,
				220998B82DEF99E700C26E50 /* Tab.swift */,
				220998BA2DEF9AA700C26E50 /* TabBarButton.swift */,
			);
			path = TabBar;
			sourceTree = "<group>";
		};
		223EBB022DF06DBD0087CFDF /* Cells */ = {
			isa = PBXGroup;
			children = (
				223EBB032DF06DCA0087CFDF /* ProductCustomCell.swift */,
			);
			path = Cells;
			sourceTree = "<group>";
		};
		227F77F22DEF1BFC007B0BF9 = {
			isa = PBXGroup;
			children = (
				227F77FD2DEF1BFC007B0BF9 /* Shoplet-Admin */,
				227F780E2DEF1BFD007B0BF9 /* Shoplet-AdminTests */,
				227F78182DEF1BFD007B0BF9 /* Shoplet-AdminUITests */,
				227F77FC2DEF1BFC007B0BF9 /* Products */,
			);
			sourceTree = "<group>";
		};
		227F77FC2DEF1BFC007B0BF9 /* Products */ = {
			isa = PBXGroup;
			children = (
				227F77FB2DEF1BFC007B0BF9 /* Shoplet-Admin.app */,
				227F780B2DEF1BFD007B0BF9 /* Shoplet-AdminTests.xctest */,
				227F78152DEF1BFD007B0BF9 /* Shoplet-AdminUITests.xctest */,
			);
			name = Products;
			sourceTree = "<group>";
		};
		227F77FD2DEF1BFC007B0BF9 /* Shoplet-Admin */ = {
			isa = PBXGroup;
			children = (
				22D5C1402DEF64EF00A0831E /* Application */,
				22D5C1382DEF633A00A0831E /* Data */,
				22D5C1372DEF630D00A0831E /* Presentation */,
				22D5C1362DEF62FC00A0831E /* Domain */,
				227F78022DEF1BFD007B0BF9 /* Assets.xcassets */,
				227F78042DEF1BFD007B0BF9 /* Preview Content */,
			);
			path = "Shoplet-Admin";
			sourceTree = "<group>";
		};
		227F78042DEF1BFD007B0BF9 /* Preview Content */ = {
			isa = PBXGroup;
			children = (
				227F78052DEF1BFD007B0BF9 /* Preview Assets.xcassets */,
			);
			path = "Preview Content";
			sourceTree = "<group>";
		};
		227F780E2DEF1BFD007B0BF9 /* Shoplet-AdminTests */ = {
			isa = PBXGroup;
			children = (
				227F780F2DEF1BFD007B0BF9 /* Shoplet_AdminTests.swift */,
			);
			path = "Shoplet-AdminTests";
			sourceTree = "<group>";
		};
		227F78182DEF1BFD007B0BF9 /* Shoplet-AdminUITests */ = {
			isa = PBXGroup;
			children = (
				227F78192DEF1BFD007B0BF9 /* Shoplet_AdminUITests.swift */,
				227F781B2DEF1BFD007B0BF9 /* Shoplet_AdminUITestsLaunchTests.swift */,
			);
			path = "Shoplet-AdminUITests";
			sourceTree = "<group>";
		};
		22D5C1362DEF62FC00A0831E /* Domain */ = {
			isa = PBXGroup;
			children = (
				22D5C13B2DEF637E00A0831E /* Interfaces */,
				22D5C13A2DEF636F00A0831E /* UseCases */,
				22D5C1392DEF635E00A0831E /* Entities */,
			);
			path = Domain;
			sourceTree = "<group>";
		};
		22D5C1372DEF630D00A0831E /* Presentation */ = {
			isa = PBXGroup;
			children = (
				22D5C1502DEF78BE00A0831E /* ViewModels */,
				22D5C14F2DEF78B800A0831E /* Views */,
			);
			path = Presentation;
			sourceTree = "<group>";
		};
		22D5C1382DEF633A00A0831E /* Data */ = {
			isa = PBXGroup;
			children = (
				22D5C13E2DEF63E900A0831E /* Network */,
				22D5C13D2DEF63DA00A0831E /* Repositories */,
			);
			path = Data;
			sourceTree = "<group>";
		};
		22D5C1392DEF635E00A0831E /* Entities */ = {
			isa = PBXGroup;
			children = (
				22D5C1412DEF690100A0831E /* Models */,
			);
			path = Entities;
			sourceTree = "<group>";
		};
		22D5C13A2DEF636F00A0831E /* UseCases */ = {
			isa = PBXGroup;
			children = (
				22D5C1542DEF7BAD00A0831E /* Product */,
			);
			path = UseCases;
			sourceTree = "<group>";
		};
		22D5C13B2DEF637E00A0831E /* Interfaces */ = {
			isa = PBXGroup;
			children = (
				22D5C13C2DEF638C00A0831E /* Repositories */,
			);
			path = Interfaces;
			sourceTree = "<group>";
		};
		22D5C13C2DEF638C00A0831E /* Repositories */ = {
			isa = PBXGroup;
			children = (
				22D5C1592DEF7F1D00A0831E /* ProductRepositoryProtocol.swift */,
			);
			path = Repositories;
			sourceTree = "<group>";
		};
		22D5C13D2DEF63DA00A0831E /* Repositories */ = {
			isa = PBXGroup;
			children = (
				22D5C1572DEF7E2400A0831E /* ProductRepository.swift */,
			);
			path = Repositories;
			sourceTree = "<group>";
		};
		22D5C13E2DEF63E900A0831E /* Network */ = {
			isa = PBXGroup;
			children = (
				22D5C1442DEF73EC00A0831E /* Configuration.swift */,
				22D5C1462DEF748F00A0831E /* APIEndpoints.swift */,
				22D5C14A2DEF75B300A0831E /* NetworkManager.swift */,
			);
			path = Network;
			sourceTree = "<group>";
		};
		22D5C1402DEF64EF00A0831E /* Application */ = {
			isa = PBXGroup;
			children = (
				227F77FE2DEF1BFC007B0BF9 /* Shoplet_AdminApp.swift */,
			);
			path = Application;
			sourceTree = "<group>";
		};
		22D5C1412DEF690100A0831E /* Models */ = {
			isa = PBXGroup;
			children = (
				22D5C1422DEF692000A0831E /* Product.swift */,
				22D5C1482DEF757000A0831E /* ProductResponse.swift */,
			);
			path = Models;
			sourceTree = "<group>";
		};
		22D5C14F2DEF78B800A0831E /* Views */ = {
			isa = PBXGroup;
			children = (
				220998B32DEF994700C26E50 /* CustomViews */,
				22D5C15B2DEF857200A0831E /* ProductsView.swift */,
			);
			path = Views;
			sourceTree = "<group>";
		};
		22D5C1502DEF78BE00A0831E /* ViewModels */ = {
			isa = PBXGroup;
			children = (
				22D5C1512DEF793B00A0831E /* Product */,
			);
			path = ViewModels;
			sourceTree = "<group>";
		};
		22D5C1512DEF793B00A0831E /* Product */ = {
			isa = PBXGroup;
			children = (
				22D5C1522DEF794C00A0831E /* ProductViewModel.swift */,
			);
			path = Product;
			sourceTree = "<group>";
		};
		22D5C1542DEF7BAD00A0831E /* Product */ = {
			isa = PBXGroup;
			children = (
				22D5C1552DEF7BC200A0831E /* GetProductsUseCase.swift */,
				223EBB072DF07EA20087CFDF /* DeleteProductUseCase.swift */,
				223EBB0B2DF0C1C80087CFDF /* CreateProductUseCase.swift */,
			);
			path = Product;
			sourceTree = "<group>";
		};
/* End PBXGroup section */

/* Begin PBXNativeTarget section */
		227F77FA2DEF1BFC007B0BF9 /* Shoplet-Admin */ = {
			isa = PBXNativeTarget;
			buildConfigurationList = 227F781F2DEF1BFD007B0BF9 /* Build configuration list for PBXNativeTarget "Shoplet-Admin" */;
			buildPhases = (
				227F77F72DEF1BFC007B0BF9 /* Sources */,
				227F77F82DEF1BFC007B0BF9 /* Frameworks */,
				227F77F92DEF1BFC007B0BF9 /* Resources */,
			);
			buildRules = (
			);
			dependencies = (
			);
			name = "Shoplet-Admin";
			packageProductDependencies = (
				22D5C14D2DEF76F500A0831E /* Alamofire */,
			);
			productName = "Shoplet-Admin";
			productReference = 227F77FB2DEF1BFC007B0BF9 /* Shoplet-Admin.app */;
			productType = "com.apple.product-type.application";
		};
		227F780A2DEF1BFD007B0BF9 /* Shoplet-AdminTests */ = {
			isa = PBXNativeTarget;
			buildConfigurationList = 227F78222DEF1BFD007B0BF9 /* Build configuration list for PBXNativeTarget "Shoplet-AdminTests" */;
			buildPhases = (
				227F78072DEF1BFD007B0BF9 /* Sources */,
				227F78082DEF1BFD007B0BF9 /* Frameworks */,
				227F78092DEF1BFD007B0BF9 /* Resources */,
			);
			buildRules = (
			);
			dependencies = (
				227F780D2DEF1BFD007B0BF9 /* PBXTargetDependency */,
			);
			name = "Shoplet-AdminTests";
			productName = "Shoplet-AdminTests";
			productReference = 227F780B2DEF1BFD007B0BF9 /* Shoplet-AdminTests.xctest */;
			productType = "com.apple.product-type.bundle.unit-test";
		};
		227F78142DEF1BFD007B0BF9 /* Shoplet-AdminUITests */ = {
			isa = PBXNativeTarget;
			buildConfigurationList = 227F78252DEF1BFD007B0BF9 /* Build configuration list for PBXNativeTarget "Shoplet-AdminUITests" */;
			buildPhases = (
				227F78112DEF1BFD007B0BF9 /* Sources */,
				227F78122DEF1BFD007B0BF9 /* Frameworks */,
				227F78132DEF1BFD007B0BF9 /* Resources */,
			);
			buildRules = (
			);
			dependencies = (
				227F78172DEF1BFD007B0BF9 /* PBXTargetDependency */,
			);
			name = "Shoplet-AdminUITests";
			productName = "Shoplet-AdminUITests";
			productReference = 227F78152DEF1BFD007B0BF9 /* Shoplet-AdminUITests.xctest */;
			productType = "com.apple.product-type.bundle.ui-testing";
		};
/* End PBXNativeTarget section */

/* Begin PBXProject section */
		227F77F32DEF1BFC007B0BF9 /* Project object */ = {
			isa = PBXProject;
			attributes = {
				BuildIndependentTargetsInParallel = 1;
				LastSwiftUpdateCheck = 1500;
				LastUpgradeCheck = 1500;
				TargetAttributes = {
					227F77FA2DEF1BFC007B0BF9 = {
						CreatedOnToolsVersion = 15.0;
					};
					227F780A2DEF1BFD007B0BF9 = {
						CreatedOnToolsVersion = 15.0;
						TestTargetID = 227F77FA2DEF1BFC007B0BF9;
					};
					227F78142DEF1BFD007B0BF9 = {
						CreatedOnToolsVersion = 15.0;
						TestTargetID = 227F77FA2DEF1BFC007B0BF9;
					};
				};
			};
			buildConfigurationList = 227F77F62DEF1BFC007B0BF9 /* Build configuration list for PBXProject "Shoplet-Admin" */;
			compatibilityVersion = "Xcode 14.0";
			developmentRegion = en;
			hasScannedForEncodings = 0;
			knownRegions = (
				en,
				Base,
			);
			mainGroup = 227F77F22DEF1BFC007B0BF9;
			packageReferences = (
				22D5C14C2DEF76F500A0831E /* XCRemoteSwiftPackageReference "Alamofire" */,
			);
			productRefGroup = 227F77FC2DEF1BFC007B0BF9 /* Products */;
			projectDirPath = "";
			projectRoot = "";
			targets = (
				227F77FA2DEF1BFC007B0BF9 /* Shoplet-Admin */,
				227F780A2DEF1BFD007B0BF9 /* Shoplet-AdminTests */,
				227F78142DEF1BFD007B0BF9 /* Shoplet-AdminUITests */,
			);
		};
/* End PBXProject section */

/* Begin PBXResourcesBuildPhase section */
		227F77F92DEF1BFC007B0BF9 /* Resources */ = {
			isa = PBXResourcesBuildPhase;
			buildActionMask = 2147483647;
			files = (
				227F78062DEF1BFD007B0BF9 /* Preview Assets.xcassets in Resources */,
				227F78032DEF1BFD007B0BF9 /* Assets.xcassets in Resources */,
			);
			runOnlyForDeploymentPostprocessing = 0;
		};
		227F78092DEF1BFD007B0BF9 /* Resources */ = {
			isa = PBXResourcesBuildPhase;
			buildActionMask = 2147483647;
			files = (
			);
			runOnlyForDeploymentPostprocessing = 0;
		};
		227F78132DEF1BFD007B0BF9 /* Resources */ = {
			isa = PBXResourcesBuildPhase;
			buildActionMask = 2147483647;
			files = (
			);
			runOnlyForDeploymentPostprocessing = 0;
		};
/* End PBXResourcesBuildPhase section */

/* Begin PBXSourcesBuildPhase section */
		227F77F72DEF1BFC007B0BF9 /* Sources */ = {
			isa = PBXSourcesBuildPhase;
			buildActionMask = 2147483647;
			files = (
				22D5C1562DEF7BC200A0831E /* GetProductsUseCase.swift in Sources */,
				223EBB0C2DF0C1C80087CFDF /* CreateProductUseCase.swift in Sources */,
				22D5C1582DEF7E2400A0831E /* ProductRepository.swift in Sources */,
				223EBB082DF07EA20087CFDF /* DeleteProductUseCase.swift in Sources */,
				223EBB0A2DF09DE40087CFDF /* AddProductView.swift in Sources */,
				22D5C1492DEF757000A0831E /* ProductResponse.swift in Sources */,
				220998B52DEF996A00C26E50 /* CustomTabBarView.swift in Sources */,
				22D5C1472DEF748F00A0831E /* APIEndpoints.swift in Sources */,
				22D5C14B2DEF75B300A0831E /* NetworkManager.swift in Sources */,
				227F77FF2DEF1BFC007B0BF9 /* Shoplet_AdminApp.swift in Sources */,
				220998B92DEF99E700C26E50 /* Tab.swift in Sources */,
				223EBB042DF06DCA0087CFDF /* ProductCustomCell.swift in Sources */,
				22D5C15A2DEF7F1D00A0831E /* ProductRepositoryProtocol.swift in Sources */,
				22D5C15C2DEF857200A0831E /* ProductsView.swift in Sources */,
				22D5C1452DEF73EC00A0831E /* Configuration.swift in Sources */,
				220998BB2DEF9AA700C26E50 /* TabBarButton.swift in Sources */,
				22D5C1532DEF794C00A0831E /* ProductViewModel.swift in Sources */,
				22D5C1432DEF692000A0831E /* Product.swift in Sources */,
			);
			runOnlyForDeploymentPostprocessing = 0;
		};
		227F78072DEF1BFD007B0BF9 /* Sources */ = {
			isa = PBXSourcesBuildPhase;
			buildActionMask = 2147483647;
			files = (
				227F78102DEF1BFD007B0BF9 /* Shoplet_AdminTests.swift in Sources */,
			);
			runOnlyForDeploymentPostprocessing = 0;
		};
		227F78112DEF1BFD007B0BF9 /* Sources */ = {
			isa = PBXSourcesBuildPhase;
			buildActionMask = 2147483647;
			files = (
				227F781C2DEF1BFD007B0BF9 /* Shoplet_AdminUITestsLaunchTests.swift in Sources */,
				227F781A2DEF1BFD007B0BF9 /* Shoplet_AdminUITests.swift in Sources */,
			);
			runOnlyForDeploymentPostprocessing = 0;
		};
/* End PBXSourcesBuildPhase section */

/* Begin PBXTargetDependency section */
		227F780D2DEF1BFD007B0BF9 /* PBXTargetDependency */ = {
			isa = PBXTargetDependency;
			target = 227F77FA2DEF1BFC007B0BF9 /* Shoplet-Admin */;
			targetProxy = 227F780C2DEF1BFD007B0BF9 /* PBXContainerItemProxy */;
		};
		227F78172DEF1BFD007B0BF9 /* PBXTargetDependency */ = {
			isa = PBXTargetDependency;
			target = 227F77FA2DEF1BFC007B0BF9 /* Shoplet-Admin */;
			targetProxy = 227F78162DEF1BFD007B0BF9 /* PBXContainerItemProxy */;
		};
/* End PBXTargetDependency section */

/* Begin XCBuildConfiguration section */
		227F781D2DEF1BFD007B0BF9 /* Debug */ = {
			isa = XCBuildConfiguration;
			buildSettings = {
				ALWAYS_SEARCH_USER_PATHS = NO;
				ASSETCATALOG_COMPILER_GENERATE_SWIFT_ASSET_SYMBOL_EXTENSIONS = YES;
				CLANG_ANALYZER_NONNULL = YES;
				CLANG_ANALYZER_NUMBER_OBJECT_CONVERSION = YES_AGGRESSIVE;
				CLANG_CXX_LANGUAGE_STANDARD = "gnu++20";
				CLANG_ENABLE_MODULES = YES;
				CLANG_ENABLE_OBJC_ARC = YES;
				CLANG_ENABLE_OBJC_WEAK = YES;
				CLANG_WARN_BLOCK_CAPTURE_AUTORELEASING = YES;
				CLANG_WARN_BOOL_CONVERSION = YES;
				CLANG_WARN_COMMA = YES;
				CLANG_WARN_CONSTANT_CONVERSION = YES;
				CLANG_WARN_DEPRECATED_OBJC_IMPLEMENTATIONS = YES;
				CLANG_WARN_DIRECT_OBJC_ISA_USAGE = YES_ERROR;
				CLANG_WARN_DOCUMENTATION_COMMENTS = YES;
				CLANG_WARN_EMPTY_BODY = YES;
				CLANG_WARN_ENUM_CONVERSION = YES;
				CLANG_WARN_INFINITE_RECURSION = YES;
				CLANG_WARN_INT_CONVERSION = YES;
				CLANG_WARN_NON_LITERAL_NULL_CONVERSION = YES;
				CLANG_WARN_OBJC_IMPLICIT_RETAIN_SELF = YES;
				CLANG_WARN_OBJC_LITERAL_CONVERSION = YES;
				CLANG_WARN_OBJC_ROOT_CLASS = YES_ERROR;
				CLANG_WARN_QUOTED_INCLUDE_IN_FRAMEWORK_HEADER = YES;
				CLANG_WARN_RANGE_LOOP_ANALYSIS = YES;
				CLANG_WARN_STRICT_PROTOTYPES = YES;
				CLANG_WARN_SUSPICIOUS_MOVE = YES;
				CLANG_WARN_UNGUARDED_AVAILABILITY = YES_AGGRESSIVE;
				CLANG_WARN_UNREACHABLE_CODE = YES;
				CLANG_WARN__DUPLICATE_METHOD_MATCH = YES;
				COPY_PHASE_STRIP = NO;
				DEBUG_INFORMATION_FORMAT = dwarf;
				ENABLE_STRICT_OBJC_MSGSEND = YES;
				ENABLE_TESTABILITY = YES;
				ENABLE_USER_SCRIPT_SANDBOXING = YES;
				GCC_C_LANGUAGE_STANDARD = gnu17;
				GCC_DYNAMIC_NO_PIC = NO;
				GCC_NO_COMMON_BLOCKS = YES;
				GCC_OPTIMIZATION_LEVEL = 0;
				GCC_PREPROCESSOR_DEFINITIONS = (
					"DEBUG=1",
					"$(inherited)",
				);
				GCC_WARN_64_TO_32_BIT_CONVERSION = YES;
				GCC_WARN_ABOUT_RETURN_TYPE = YES_ERROR;
				GCC_WARN_UNDECLARED_SELECTOR = YES;
				GCC_WARN_UNINITIALIZED_AUTOS = YES_AGGRESSIVE;
				GCC_WARN_UNUSED_FUNCTION = YES;
				GCC_WARN_UNUSED_VARIABLE = YES;
				IPHONEOS_DEPLOYMENT_TARGET = 17.0;
				LOCALIZATION_PREFERS_STRING_CATALOGS = YES;
				MTL_ENABLE_DEBUG_INFO = INCLUDE_SOURCE;
				MTL_FAST_MATH = YES;
				ONLY_ACTIVE_ARCH = YES;
				SDKROOT = iphoneos;
				SWIFT_ACTIVE_COMPILATION_CONDITIONS = "DEBUG $(inherited)";
				SWIFT_OPTIMIZATION_LEVEL = "-Onone";
			};
			name = Debug;
		};
		227F781E2DEF1BFD007B0BF9 /* Release */ = {
			isa = XCBuildConfiguration;
			buildSettings = {
				ALWAYS_SEARCH_USER_PATHS = NO;
				ASSETCATALOG_COMPILER_GENERATE_SWIFT_ASSET_SYMBOL_EXTENSIONS = YES;
				CLANG_ANALYZER_NONNULL = YES;
				CLANG_ANALYZER_NUMBER_OBJECT_CONVERSION = YES_AGGRESSIVE;
				CLANG_CXX_LANGUAGE_STANDARD = "gnu++20";
				CLANG_ENABLE_MODULES = YES;
				CLANG_ENABLE_OBJC_ARC = YES;
				CLANG_ENABLE_OBJC_WEAK = YES;
				CLANG_WARN_BLOCK_CAPTURE_AUTORELEASING = YES;
				CLANG_WARN_BOOL_CONVERSION = YES;
				CLANG_WARN_COMMA = YES;
				CLANG_WARN_CONSTANT_CONVERSION = YES;
				CLANG_WARN_DEPRECATED_OBJC_IMPLEMENTATIONS = YES;
				CLANG_WARN_DIRECT_OBJC_ISA_USAGE = YES_ERROR;
				CLANG_WARN_DOCUMENTATION_COMMENTS = YES;
				CLANG_WARN_EMPTY_BODY = YES;
				CLANG_WARN_ENUM_CONVERSION = YES;
				CLANG_WARN_INFINITE_RECURSION = YES;
				CLANG_WARN_INT_CONVERSION = YES;
				CLANG_WARN_NON_LITERAL_NULL_CONVERSION = YES;
				CLANG_WARN_OBJC_IMPLICIT_RETAIN_SELF = YES;
				CLANG_WARN_OBJC_LITERAL_CONVERSION = YES;
				CLANG_WARN_OBJC_ROOT_CLASS = YES_ERROR;
				CLANG_WARN_QUOTED_INCLUDE_IN_FRAMEWORK_HEADER = YES;
				CLANG_WARN_RANGE_LOOP_ANALYSIS = YES;
				CLANG_WARN_STRICT_PROTOTYPES = YES;
				CLANG_WARN_SUSPICIOUS_MOVE = YES;
				CLANG_WARN_UNGUARDED_AVAILABILITY = YES_AGGRESSIVE;
				CLANG_WARN_UNREACHABLE_CODE = YES;
				CLANG_WARN__DUPLICATE_METHOD_MATCH = YES;
				COPY_PHASE_STRIP = NO;
				DEBUG_INFORMATION_FORMAT = "dwarf-with-dsym";
				ENABLE_NS_ASSERTIONS = NO;
				ENABLE_STRICT_OBJC_MSGSEND = YES;
				ENABLE_USER_SCRIPT_SANDBOXING = YES;
				GCC_C_LANGUAGE_STANDARD = gnu17;
				GCC_NO_COMMON_BLOCKS = YES;
				GCC_WARN_64_TO_32_BIT_CONVERSION = YES;
				GCC_WARN_ABOUT_RETURN_TYPE = YES_ERROR;
				GCC_WARN_UNDECLARED_SELECTOR = YES;
				GCC_WARN_UNINITIALIZED_AUTOS = YES_AGGRESSIVE;
				GCC_WARN_UNUSED_FUNCTION = YES;
				GCC_WARN_UNUSED_VARIABLE = YES;
				IPHONEOS_DEPLOYMENT_TARGET = 17.0;
				LOCALIZATION_PREFERS_STRING_CATALOGS = YES;
				MTL_ENABLE_DEBUG_INFO = NO;
				MTL_FAST_MATH = YES;
				SDKROOT = iphoneos;
				SWIFT_COMPILATION_MODE = wholemodule;
				VALIDATE_PRODUCT = YES;
			};
			name = Release;
		};
		227F78202DEF1BFD007B0BF9 /* Debug */ = {
			isa = XCBuildConfiguration;
			buildSettings = {
				ASSETCATALOG_COMPILER_APPICON_NAME = AppIcon;
				ASSETCATALOG_COMPILER_GLOBAL_ACCENT_COLOR_NAME = AccentColor;
				CODE_SIGN_STYLE = Automatic;
				CURRENT_PROJECT_VERSION = 1;
				DEVELOPMENT_ASSET_PATHS = "\"Shoplet-Admin/Preview Content\"";
				ENABLE_PREVIEWS = YES;
				GENERATE_INFOPLIST_FILE = YES;
				INFOPLIST_KEY_UIApplicationSceneManifest_Generation = YES;
				INFOPLIST_KEY_UIApplicationSupportsIndirectInputEvents = YES;
				INFOPLIST_KEY_UILaunchScreen_Generation = YES;
				INFOPLIST_KEY_UISupportedInterfaceOrientations_iPad = "UIInterfaceOrientationPortrait UIInterfaceOrientationPortraitUpsideDown UIInterfaceOrientationLandscapeLeft UIInterfaceOrientationLandscapeRight";
				INFOPLIST_KEY_UISupportedInterfaceOrientations_iPhone = "UIInterfaceOrientationPortrait UIInterfaceOrientationLandscapeLeft UIInterfaceOrientationLandscapeRight";
				LD_RUNPATH_SEARCH_PATHS = (
					"$(inherited)",
					"@executable_path/Frameworks",
				);
				MARKETING_VERSION = 1.0;
				PRODUCT_BUNDLE_IDENTIFIER = "iti.gov.Shoplet-Admin";
				PRODUCT_NAME = "$(TARGET_NAME)";
				SWIFT_EMIT_LOC_STRINGS = YES;
				SWIFT_VERSION = 5.0;
				TARGETED_DEVICE_FAMILY = "1,2";
			};
			name = Debug;
		};
		227F78212DEF1BFD007B0BF9 /* Release */ = {
			isa = XCBuildConfiguration;
			buildSettings = {
				ASSETCATALOG_COMPILER_APPICON_NAME = AppIcon;
				ASSETCATALOG_COMPILER_GLOBAL_ACCENT_COLOR_NAME = AccentColor;
				CODE_SIGN_STYLE = Automatic;
				CURRENT_PROJECT_VERSION = 1;
				DEVELOPMENT_ASSET_PATHS = "\"Shoplet-Admin/Preview Content\"";
				ENABLE_PREVIEWS = YES;
				GENERATE_INFOPLIST_FILE = YES;
				INFOPLIST_KEY_UIApplicationSceneManifest_Generation = YES;
				INFOPLIST_KEY_UIApplicationSupportsIndirectInputEvents = YES;
				INFOPLIST_KEY_UILaunchScreen_Generation = YES;
				INFOPLIST_KEY_UISupportedInterfaceOrientations_iPad = "UIInterfaceOrientationPortrait UIInterfaceOrientationPortraitUpsideDown UIInterfaceOrientationLandscapeLeft UIInterfaceOrientationLandscapeRight";
				INFOPLIST_KEY_UISupportedInterfaceOrientations_iPhone = "UIInterfaceOrientationPortrait UIInterfaceOrientationLandscapeLeft UIInterfaceOrientationLandscapeRight";
				LD_RUNPATH_SEARCH_PATHS = (
					"$(inherited)",
					"@executable_path/Frameworks",
				);
				MARKETING_VERSION = 1.0;
				PRODUCT_BUNDLE_IDENTIFIER = "iti.gov.Shoplet-Admin";
				PRODUCT_NAME = "$(TARGET_NAME)";
				SWIFT_EMIT_LOC_STRINGS = YES;
				SWIFT_VERSION = 5.0;
				TARGETED_DEVICE_FAMILY = "1,2";
			};
			name = Release;
		};
		227F78232DEF1BFD007B0BF9 /* Debug */ = {
			isa = XCBuildConfiguration;
			buildSettings = {
				ALWAYS_EMBED_SWIFT_STANDARD_LIBRARIES = YES;
				BUNDLE_LOADER = "$(TEST_HOST)";
				CODE_SIGN_STYLE = Automatic;
				CURRENT_PROJECT_VERSION = 1;
				GENERATE_INFOPLIST_FILE = YES;
				IPHONEOS_DEPLOYMENT_TARGET = 17.0;
				MARKETING_VERSION = 1.0;
				PRODUCT_BUNDLE_IDENTIFIER = "iti.gov.Shoplet-AdminTests";
				PRODUCT_NAME = "$(TARGET_NAME)";
				SWIFT_EMIT_LOC_STRINGS = NO;
				SWIFT_VERSION = 5.0;
				TARGETED_DEVICE_FAMILY = "1,2";
				TEST_HOST = "$(BUILT_PRODUCTS_DIR)/Shoplet-Admin.app/$(BUNDLE_EXECUTABLE_FOLDER_PATH)/Shoplet-Admin";
			};
			name = Debug;
		};
		227F78242DEF1BFD007B0BF9 /* Release */ = {
			isa = XCBuildConfiguration;
			buildSettings = {
				ALWAYS_EMBED_SWIFT_STANDARD_LIBRARIES = YES;
				BUNDLE_LOADER = "$(TEST_HOST)";
				CODE_SIGN_STYLE = Automatic;
				CURRENT_PROJECT_VERSION = 1;
				GENERATE_INFOPLIST_FILE = YES;
				IPHONEOS_DEPLOYMENT_TARGET = 17.0;
				MARKETING_VERSION = 1.0;
				PRODUCT_BUNDLE_IDENTIFIER = "iti.gov.Shoplet-AdminTests";
				PRODUCT_NAME = "$(TARGET_NAME)";
				SWIFT_EMIT_LOC_STRINGS = NO;
				SWIFT_VERSION = 5.0;
				TARGETED_DEVICE_FAMILY = "1,2";
				TEST_HOST = "$(BUILT_PRODUCTS_DIR)/Shoplet-Admin.app/$(BUNDLE_EXECUTABLE_FOLDER_PATH)/Shoplet-Admin";
			};
			name = Release;
		};
		227F78262DEF1BFD007B0BF9 /* Debug */ = {
			isa = XCBuildConfiguration;
			buildSettings = {
				ALWAYS_EMBED_SWIFT_STANDARD_LIBRARIES = YES;
				CODE_SIGN_STYLE = Automatic;
				CURRENT_PROJECT_VERSION = 1;
				GENERATE_INFOPLIST_FILE = YES;
				MARKETING_VERSION = 1.0;
				PRODUCT_BUNDLE_IDENTIFIER = "iti.gov.Shoplet-AdminUITests";
				PRODUCT_NAME = "$(TARGET_NAME)";
				SWIFT_EMIT_LOC_STRINGS = NO;
				SWIFT_VERSION = 5.0;
				TARGETED_DEVICE_FAMILY = "1,2";
				TEST_TARGET_NAME = "Shoplet-Admin";
			};
			name = Debug;
		};
		227F78272DEF1BFD007B0BF9 /* Release */ = {
			isa = XCBuildConfiguration;
			buildSettings = {
				ALWAYS_EMBED_SWIFT_STANDARD_LIBRARIES = YES;
				CODE_SIGN_STYLE = Automatic;
				CURRENT_PROJECT_VERSION = 1;
				GENERATE_INFOPLIST_FILE = YES;
				MARKETING_VERSION = 1.0;
				PRODUCT_BUNDLE_IDENTIFIER = "iti.gov.Shoplet-AdminUITests";
				PRODUCT_NAME = "$(TARGET_NAME)";
				SWIFT_EMIT_LOC_STRINGS = NO;
				SWIFT_VERSION = 5.0;
				TARGETED_DEVICE_FAMILY = "1,2";
				TEST_TARGET_NAME = "Shoplet-Admin";
			};
			name = Release;
		};
/* End XCBuildConfiguration section */

/* Begin XCConfigurationList section */
		227F77F62DEF1BFC007B0BF9 /* Build configuration list for PBXProject "Shoplet-Admin" */ = {
			isa = XCConfigurationList;
			buildConfigurations = (
				227F781D2DEF1BFD007B0BF9 /* Debug */,
				227F781E2DEF1BFD007B0BF9 /* Release */,
			);
			defaultConfigurationIsVisible = 0;
			defaultConfigurationName = Release;
		};
		227F781F2DEF1BFD007B0BF9 /* Build configuration list for PBXNativeTarget "Shoplet-Admin" */ = {
			isa = XCConfigurationList;
			buildConfigurations = (
				227F78202DEF1BFD007B0BF9 /* Debug */,
				227F78212DEF1BFD007B0BF9 /* Release */,
			);
			defaultConfigurationIsVisible = 0;
			defaultConfigurationName = Release;
		};
		227F78222DEF1BFD007B0BF9 /* Build configuration list for PBXNativeTarget "Shoplet-AdminTests" */ = {
			isa = XCConfigurationList;
			buildConfigurations = (
				227F78232DEF1BFD007B0BF9 /* Debug */,
				227F78242DEF1BFD007B0BF9 /* Release */,
			);
			defaultConfigurationIsVisible = 0;
			defaultConfigurationName = Release;
		};
		227F78252DEF1BFD007B0BF9 /* Build configuration list for PBXNativeTarget "Shoplet-AdminUITests" */ = {
			isa = XCConfigurationList;
			buildConfigurations = (
				227F78262DEF1BFD007B0BF9 /* Debug */,
				227F78272DEF1BFD007B0BF9 /* Release */,
			);
			defaultConfigurationIsVisible = 0;
			defaultConfigurationName = Release;
		};
/* End XCConfigurationList section */

/* Begin XCRemoteSwiftPackageReference section */
		22D5C14C2DEF76F500A0831E /* XCRemoteSwiftPackageReference "Alamofire" */ = {
			isa = XCRemoteSwiftPackageReference;
			repositoryURL = "https://github.com/Alamofire/Alamofire";
			requirement = {
				kind = upToNextMajorVersion;
				minimumVersion = 5.10.2;
			};
		};
/* End XCRemoteSwiftPackageReference section */

/* Begin XCSwiftPackageProductDependency section */
		22D5C14D2DEF76F500A0831E /* Alamofire */ = {
			isa = XCSwiftPackageProductDependency;
			package = 22D5C14C2DEF76F500A0831E /* XCRemoteSwiftPackageReference "Alamofire" */;
			productName = Alamofire;
		};
/* End XCSwiftPackageProductDependency section */
	};
	rootObject = 227F77F32DEF1BFC007B0BF9 /* Project object */;
}
